{
  "name": "test",
  "version": "1.0.0",
  "lockfileVersion": 1,
  "requires": true,
  "dependencies": {
    "npm-zhangrh-test": {
      "version": "1.0.0",
      "resolved": "https://registry.npmjs.org/npm-zhangrh-test/-/npm-zhangrh-test-1.0.0.tgz",
      "integrity": "sha512-7GxyOr0vPVN9PfuOFrbiLywNMNDZ4z5IIEXgctPFVpDc69o/HG4rz2AK90vSQxlBNalX+1Dko5PcWd+zQ6MIOw=="
    },
    "webpack-zhangrh-number": {
      "version": "1.0.3",
      "resolved": "https://registry.npmjs.org/webpack-zhangrh-number/-/webpack-zhangrh-number-1.0.3.tgz",
      "integrity": "sha512-l7qslqtqW/RS3vdROcyqynY3GIutVx2EubURl3k2q3YN6Cd8q9ffZLVlBkb+Aki8e1ljKwvjwdojXI+z64FigQ==",
      "dev": true
    }
  }
}
