{
  "requires": true,
  "lockfileVersion": 1,
  "dependencies": {
    "lodash": {
      "version": "4.17.4",
      "resolved": "http://registry.npm.taobao.org/lodash/download/lodash-4.17.4.tgz",
      "integrity": "sha1-eCA6TRwyiuHYbcpkYONptX9AVa4=",
      "dev": true
    },
    "webpack-merge": {
      "version": "4.1.1",
      "resolved": "http://registry.npm.taobao.org/webpack-merge/download/webpack-merge-4.1.1.tgz",
      "integrity": "sha1-8Rl6Cpc+acb77rbWWCGaqMDBNVU=",
      "dev": true,
      "requires": {
        "lodash": "4.17.4"
      }
    }
  }
}
